{
  "name": "@clob/api",
  "version": "0.0.1",
  "lockfileVersion": 1,
  "requires": true,
  "dependencies": {
    "@types/node": {
      "version": "14.6.4",
      "resolved": "https://registry.npmjs.org/@types/node/-/node-14.6.4.tgz",
      "integrity": "sha512-Wk7nG1JSaMfMpoMJDKUsWYugliB2Vy55pdjLpmLixeyMi7HizW2I/9QoxsPCkXl3dO+ZOVqPumKaDUv5zJu2uQ==",
      "dev": true
    },
    "arg": {
      "version": "4.1.3",
      "resolved": "https://registry.npmjs.org/arg/-/arg-4.1.3.tgz",
      "integrity": "sha512-58S9QDqG0Xx27YwPSt9fJxivjYl432YCwfDMfZ+71RAqUrZef7LrKQZ3LHLOwCS4FLNBplP533Zx895SeOCHvA==",
      "dev": true
    },
    "buffer-from": {
      "version": "1.1.1",
      "resolved": "https://registry.npmjs.org/buffer-from/-/buffer-from-1.1.1.tgz",
      "integrity": "sha512-MQcXEUbCKtEo7bhqEs6560Hyd4XaovZlO/k9V3hjVUF/zwW7KBVdSK4gIt/bzwS9MbR5qob+F5jusZsb0YQK2A==",
      "dev": true
    },
    "dequal": {
      "version": "1.0.1",
      "resolved": "https://registry.npmjs.org/dequal/-/dequal-1.0.1.tgz",
      "integrity": "sha512-Fx8jxibzkJX2aJgyfSdLhr9tlRoTnHKrRJuu2XHlAgKioN2j19/Bcbe0d4mFXYZ3+wpE2KVobUVTfDutcD17xQ==",
      "dev": true
    },
    "diff": {
      "version": "4.0.2",
      "resolved": "https://registry.npmjs.org/diff/-/diff-4.0.2.tgz",
      "integrity": "sha512-58lmxKSA4BNyLz+HHMUzlOEpg09FV+ev6ZMe3vJihgdxzgcwZ8VoEEPmALCZG9LmqfVoNMMKpttIYTVG6uDY7A==",
      "dev": true
    },
    "esm": {
      "version": "3.2.25",
      "resolved": "https://registry.npmjs.org/esm/-/esm-3.2.25.tgz",
      "integrity": "sha512-U1suiZ2oDVWv4zPO56S0NcR5QriEahGtdN2OR6FiOG4WJvcjBVFB0qI4+eKoWFH483PKGuLuu6V8Z4T5g63UVA==",
      "dev": true
    },
    "kleur": {
      "version": "4.1.1",
      "resolved": "https://registry.npmjs.org/kleur/-/kleur-4.1.1.tgz",
      "integrity": "sha512-BsNhM6T/yTWFG580CRnYhT3LfUuPK7Hwrm+W2H0G8lK/nogalP5Nsrh/cHjxVVkzl0sFm7z8b8rNcZCfKxeoxA==",
      "dev": true
    },
    "make-error": {
      "version": "1.3.6",
      "resolved": "https://registry.npmjs.org/make-error/-/make-error-1.3.6.tgz",
      "integrity": "sha512-s8UhlNe7vPKomQhC1qFelMokr/Sc3AgNbso3n74mVPA5LTZwkB9NlXf4XPamLxJE8h0gh73rM94xvwRT2CVInw==",
      "dev": true
    },
    "mri": {
      "version": "1.1.6",
      "resolved": "https://registry.npmjs.org/mri/-/mri-1.1.6.tgz",
      "integrity": "sha512-oi1b3MfbyGa7FJMP9GmLTttni5JoICpYBRlq+x5V16fZbLsnL9N3wFqqIm/nIG43FjUFkFh9Epzp/kzUGUnJxQ==",
      "dev": true
    },
    "sade": {
      "version": "1.7.3",
      "resolved": "https://registry.npmjs.org/sade/-/sade-1.7.3.tgz",
      "integrity": "sha512-m4BctppMvJ60W1dXnHq7jMmFe3hPJZDAH85kQ3ACTo7XZNVUuTItCQ+2HfyaMeV5cKrbw7l4vD/6We3GBxvdJw==",
      "dev": true,
      "requires": {
        "mri": "^1.1.0"
      }
    },
    "source-map": {
      "version": "0.6.1",
      "resolved": "https://registry.npmjs.org/source-map/-/source-map-0.6.1.tgz",
      "integrity": "sha512-UjgapumWlbMhkBgzT7Ykc5YXUT46F0iKu8SGXq0bcwP5dz/h0Plj6enJqjz1Zbq2l5WaqYnrVbwWOWMyF3F47g==",
      "dev": true
    },
    "source-map-support": {
      "version": "0.5.19",
      "resolved": "https://registry.npmjs.org/source-map-support/-/source-map-support-0.5.19.tgz",
      "integrity": "sha512-Wonm7zOCIJzBGQdB+thsPar0kYuCIzYvxZwlBa87yi/Mdjv7Tip2cyVbLj5o0cFPN4EVkuTwb3GDDyUx2DGnGw==",
      "dev": true,
      "requires": {
        "buffer-from": "^1.0.0",
        "source-map": "^0.6.0"
      }
    },
    "totalist": {
      "version": "1.1.0",
      "resolved": "https://registry.npmjs.org/totalist/-/totalist-1.1.0.tgz",
      "integrity": "sha512-gduQwd1rOdDMGxFG1gEvhV88Oirdo2p+KjoYFU7k2g+i7n6AFFbDQ5kMPUsW0pNbfQsB/cwXvT1i4Bue0s9g5g==",
      "dev": true
    },
    "ts-node": {
      "version": "9.0.0",
      "resolved": "https://registry.npmjs.org/ts-node/-/ts-node-9.0.0.tgz",
      "integrity": "sha512-/TqB4SnererCDR/vb4S/QvSZvzQMJN8daAslg7MeaiHvD8rDZsSfXmNeNumyZZzMned72Xoq/isQljYSt8Ynfg==",
      "dev": true,
      "requires": {
        "arg": "^4.1.0",
        "diff": "^4.0.1",
        "make-error": "^1.1.1",
        "source-map-support": "^0.5.17",
        "yn": "3.1.1"
      }
    },
    "typescript": {
      "version": "4.0.2",
      "resolved": "https://registry.npmjs.org/typescript/-/typescript-4.0.2.tgz",
      "integrity": "sha512-e4ERvRV2wb+rRZ/IQeb3jm2VxBsirQLpQhdxplZ2MEzGvDkkMmPglecnNDfSUBivMjP93vRbngYYDQqQ/78bcQ==",
      "dev": true
    },
    "uvu": {
      "version": "0.3.3",
      "resolved": "https://registry.npmjs.org/uvu/-/uvu-0.3.3.tgz",
      "integrity": "sha512-5oeS+bkoRM5FGjXMXCZvjLLeUB9P5HXn2LFiTQaItopJFBtXuJ2XxWkWJNe2NgWthxFUOZR+eyhodgiaFqv7wQ==",
      "dev": true,
      "requires": {
        "dequal": "^1.0.0",
        "diff": "^4.0.2",
        "kleur": "^4.0.3",
        "sade": "^1.7.3",
        "totalist": "^1.1.0"
      }
    },
    "uwebsockets.js": {
      "version": "18.3.3",
      "resolved": "https://registry.npmjs.org/uwebsockets.js/-/uwebsockets.js-18.3.3.tgz",
      "integrity": "sha512-6a5tlxxSapfLECQTVBIqzm7VkX+qR09/UrGDx3MmrAqFq0B3cqRpw4pUu0ewjnJhdoY6Cu9tlTZUnErP/7Ukqw==",
      "requires": {
        "uws.js": "git+https://github.com/uNetworking/uWebSockets.js.git#v18.3.0"
      }
    },
    "uws.js": {
      "version": "git+https://github.com/uNetworking/uWebSockets.js.git#63c610cefde1ef71c27cba6dd1072495977ee34d",
      "from": "git+https://github.com/uNetworking/uWebSockets.js.git#v18.3.0"
    },
    "yn": {
      "version": "3.1.1",
      "resolved": "https://registry.npmjs.org/yn/-/yn-3.1.1.tgz",
      "integrity": "sha512-Ux4ygGWsu2c7isFWe8Yu1YluJmqVhxqK2cLXNQA5AcC3QfbGNpM7fu0Y8b/z16pXLnFxZYvWhd3fhBY9DLmC6Q==",
      "dev": true
    }
  }
}
